// !$*UTF8*$!
{
	archiveVersion = 1;
	classes = {
	};
	objectVersion = 46;
	objects = {

/* Begin PBXBuildFile section */
		D6E5C84F1D208833006DEF06 /* AppDelegate.swift in Sources */ = {isa = PBXBuildFile; fileRef = D6E5C84E1D208833006DEF06 /* AppDelegate.swift */; };
		D6E5C8511D208833006DEF06 /* ViewController.swift in Sources */ = {isa = PBXBuildFile; fileRef = D6E5C8501D208833006DEF06 /* ViewController.swift */; };
		D6E5C8541D208833006DEF06 /* Main.storyboard in Resources */ = {isa = PBXBuildFile; fileRef = D6E5C8521D208833006DEF06 /* Main.storyboard */; };
		D6E5C8561D208833006DEF06 /* Assets.xcassets in Resources */ = {isa = PBXBuildFile; fileRef = D6E5C8551D208833006DEF06 /* Assets.xcassets */; };
		D6E5C8591D208833006DEF06 /* LaunchScreen.storyboard in Resources */ = {isa = PBXBuildFile; fileRef = D6E5C8571D208833006DEF06 /* LaunchScreen.storyboard */; };
		D6E5C8641D208833006DEF06 /* tictactoeTests.swift in Sources */ = {isa = PBXBuildFile; fileRef = D6E5C8631D208833006DEF06 /* tictactoeTests.swift */; };
		D6E5C86F1D208833006DEF06 /* tictactoeUITests.swift in Sources */ = {isa = PBXBuildFile; fileRef = D6E5C86E1D208833006DEF06 /* tictactoeUITests.swift */; };
		D6E5C87F1D208849006DEF06 /* board.png in Resources */ = {isa = PBXBuildFile; fileRef = D6E5C87C1D208849006DEF06 /* board.png */; };
		D6E5C8801D208849006DEF06 /* cross.png in Resources */ = {isa = PBXBuildFile; fileRef = D6E5C87D1D208849006DEF06 /* cross.png */; };
		D6E5C8811D208849006DEF06 /* nought.png in Resources */ = {isa = PBXBuildFile; fileRef = D6E5C87E1D208849006DEF06 /* nought.png */; };
/* End PBXBuildFile section */

/* Begin PBXContainerItemProxy section */
		D6E5C8601D208833006DEF06 /* PBXContainerItemProxy */ = {
			isa = PBXContainerItemProxy;
			containerPortal = D6E5C8431D208833006DEF06 /* Project object */;
			proxyType = 1;
			remoteGlobalIDString = D6E5C84A1D208833006DEF06;
			remoteInfo = tictactoe;
		};
		D6E5C86B1D208833006DEF06 /* PBXContainerItemProxy */ = {
			isa = PBXContainerItemProxy;
			containerPortal = D6E5C8431D208833006DEF06 /* Project object */;
			proxyType = 1;
			remoteGlobalIDString = D6E5C84A1D208833006DEF06;
			remoteInfo = tictactoe;
		};
/* End PBXContainerItemProxy section */

/* Begin PBXFileReference section */
		D6E5C84B1D208833006DEF06 /* tictactoe.app */ = {isa = PBXFileReference; explicitFileType = wrapper.application; includeInIndex = 0; path = tictactoe.app; sourceTree = BUILT_PRODUCTS_DIR; };
		D6E5C84E1D208833006DEF06 /* AppDelegate.swift */ = {isa = PBXFileReference; lastKnownFileType = sourcecode.swift; path = AppDelegate.swift; sourceTree = "<group>"; };
		D6E5C8501D208833006DEF06 /* ViewController.swift */ = {isa = PBXFileReference; lastKnownFileType = sourcecode.swift; path = ViewController.swift; sourceTree = "<group>"; };
		D6E5C8531D208833006DEF06 /* Base */ = {isa = PBXFileReference; lastKnownFileType = file.storyboard; name = Base; path = Base.lproj/Main.storyboard; sourceTree = "<group>"; };
		D6E5C8551D208833006DEF06 /* Assets.xcassets */ = {isa = PBXFileReference; lastKnownFileType = folder.assetcatalog; path = Assets.xcassets; sourceTree = "<group>"; };
		D6E5C8581D208833006DEF06 /* Base */ = {isa = PBXFileReference; lastKnownFileType = file.storyboard; name = Base; path = Base.lproj/LaunchScreen.storyboard; sourceTree = "<group>"; };
		D6E5C85A1D208833006DEF06 /* Info.plist */ = {isa = PBXFileReference; lastKnownFileType = text.plist.xml; path = Info.plist; sourceTree = "<group>"; };
		D6E5C85F1D208833006DEF06 /* tictactoeTests.xctest */ = {isa = PBXFileReference; explicitFileType = wrapper.cfbundle; includeInIndex = 0; path = tictactoeTests.xctest; sourceTree = BUILT_PRODUCTS_DIR; };
		D6E5C8631D208833006DEF06 /* tictactoeTests.swift */ = {isa = PBXFileReference; lastKnownFileType = sourcecode.swift; path = tictactoeTests.swift; sourceTree = "<group>"; };
		D6E5C8651D208833006DEF06 /* Info.plist */ = {isa = PBXFileReference; lastKnownFileType = text.plist.xml; path = Info.plist; sourceTree = "<group>"; };
		D6E5C86A1D208833006DEF06 /* tictactoeUITests.xctest */ = {isa = PBXFileReference; explicitFileType = wrapper.cfbundle; includeInIndex = 0; path = tictactoeUITests.xctest; sourceTree = BUILT_PRODUCTS_DIR; };
		D6E5C86E1D208833006DEF06 /* tictactoeUITests.swift */ = {isa = PBXFileReference; lastKnownFileType = sourcecode.swift; path = tictactoeUITests.swift; sourceTree = "<group>"; };
		D6E5C8701D208833006DEF06 /* Info.plist */ = {isa = PBXFileReference; lastKnownFileType = text.plist.xml; path = Info.plist; sourceTree = "<group>"; };
		D6E5C87C1D208849006DEF06 /* board.png */ = {isa = PBXFileReference; lastKnownFileType = image.png; name = board.png; path = "../../../../../Downloads/Noughts And Crosses/Noughts And Crosses/board.png"; sourceTree = "<group>"; };
		D6E5C87D1D208849006DEF06 /* cross.png */ = {isa = PBXFileReference; lastKnownFileType = image.png; name = cross.png; path = "../../../../../Downloads/Noughts And Crosses/Noughts And Crosses/cross.png"; sourceTree = "<group>"; };
		D6E5C87E1D208849006DEF06 /* nought.png */ = {isa = PBXFileReference; lastKnownFileType = image.png; name = nought.png; path = "../../../../../Downloads/Noughts And Crosses/Noughts And Crosses/nought.png"; sourceTree = "<group>"; };
/* End PBXFileReference section */

/* Begin PBXFrameworksBuildPhase section */
		D6E5C8481D208833006DEF06 /* Frameworks */ = {
			isa = PBXFrameworksBuildPhase;
			buildActionMask = 2147483647;
			files = (
			);
			runOnlyForDeploymentPostprocessing = 0;
		};
		D6E5C85C1D208833006DEF06 /* Frameworks */ = {
			isa = PBXFrameworksBuildPhase;
			buildActionMask = 2147483647;
			files = (
			);
			runOnlyForDeploymentPostprocessing = 0;
		};
		D6E5C8671D208833006DEF06 /* Frameworks */ = {
			isa = PBXFrameworksBuildPhase;
			buildActionMask = 2147483647;
			files = (
			);
			runOnlyForDeploymentPostprocessing = 0;
		};
/* End PBXFrameworksBuildPhase section */

/* Begin PBXGroup section */
		D6E5C8421D208833006DEF06 = {
			isa = PBXGroup;
			children = (
				D6E5C84D1D208833006DEF06 /* tictactoe */,
				D6E5C8621D208833006DEF06 /* tictactoeTests */,
				D6E5C86D1D208833006DEF06 /* tictactoeUITests */,
				D6E5C84C1D208833006DEF06 /* Products */,
			);
			sourceTree = "<group>";
		};
		D6E5C84C1D208833006DEF06 /* Products */ = {
			isa = PBXGroup;
			children = (
				D6E5C84B1D208833006DEF06 /* tictactoe.app */,
				D6E5C85F1D208833006DEF06 /* tictactoeTests.xctest */,
				D6E5C86A1D208833006DEF06 /* tictactoeUITests.xctest */,
			);
			name = Products;
			sourceTree = "<group>";
		};
		D6E5C84D1D208833006DEF06 /* tictactoe */ = {
			isa = PBXGroup;
			children = (
				D6E5C84E1D208833006DEF06 /* AppDelegate.swift */,
				D6E5C87C1D208849006DEF06 /* board.png */,
				D6E5C87D1D208849006DEF06 /* cross.png */,
				D6E5C87E1D208849006DEF06 /* nought.png */,
				D6E5C8501D208833006DEF06 /* ViewController.swift */,
				D6E5C8521D208833006DEF06 /* Main.storyboard */,
				D6E5C8551D208833006DEF06 /* Assets.xcassets */,
				D6E5C8571D208833006DEF06 /* LaunchScreen.storyboard */,
				D6E5C85A1D208833006DEF06 /* Info.plist */,
			);
			path = tictactoe;
			sourceTree = "<group>";
		};
		D6E5C8621D208833006DEF06 /* tictactoeTests */ = {
			isa = PBXGroup;
			children = (
				D6E5C8631D208833006DEF06 /* tictactoeTests.swift */,
				D6E5C8651D208833006DEF06 /* Info.plist */,
			);
			path = tictactoeTests;
			sourceTree = "<group>";
		};
		D6E5C86D1D208833006DEF06 /* tictactoeUITests */ = {
			isa = PBXGroup;
			children = (
				D6E5C86E1D208833006DEF06 /* tictactoeUITests.swift */,
				D6E5C8701D208833006DEF06 /* Info.plist */,
			);
			path = tictactoeUITests;
			sourceTree = "<group>";
		};
/* End PBXGroup section */

/* Begin PBXNativeTarget section */
		D6E5C84A1D208833006DEF06 /* tictactoe */ = {
			isa = PBXNativeTarget;
			buildConfigurationList = D6E5C8731D208833006DEF06 /* Build configuration list for PBXNativeTarget "tictactoe" */;
			buildPhases = (
				D6E5C8471D208833006DEF06 /* Sources */,
				D6E5C8481D208833006DEF06 /* Frameworks */,
				D6E5C8491D208833006DEF06 /* Resources */,
			);
			buildRules = (
			);
			dependencies = (
			);
			name = tictactoe;
			productName = tictactoe;
			productReference = D6E5C84B1D208833006DEF06 /* tictactoe.app */;
			productType = "com.apple.product-type.application";
		};
		D6E5C85E1D208833006DEF06 /* tictactoeTests */ = {
			isa = PBXNativeTarget;
			buildConfigurationList = D6E5C8761D208833006DEF06 /* Build configuration list for PBXNativeTarget "tictactoeTests" */;
			buildPhases = (
				D6E5C85B1D208833006DEF06 /* Sources */,
				D6E5C85C1D208833006DEF06 /* Frameworks */,
				D6E5C85D1D208833006DEF06 /* Resources */,
			);
			buildRules = (
			);
			dependencies = (
				D6E5C8611D208833006DEF06 /* PBXTargetDependency */,
			);
			name = tictactoeTests;
			productName = tictactoeTests;
			productReference = D6E5C85F1D208833006DEF06 /* tictactoeTests.xctest */;
			productType = "com.apple.product-type.bundle.unit-test";
		};
		D6E5C8691D208833006DEF06 /* tictactoeUITests */ = {
			isa = PBXNativeTarget;
			buildConfigurationList = D6E5C8791D208833006DEF06 /* Build configuration list for PBXNativeTarget "tictactoeUITests" */;
			buildPhases = (
				D6E5C8661D208833006DEF06 /* Sources */,
				D6E5C8671D208833006DEF06 /* Frameworks */,
				D6E5C8681D208833006DEF06 /* Resources */,
			);
			buildRules = (
			);
			dependencies = (
				D6E5C86C1D208833006DEF06 /* PBXTargetDependency */,
			);
			name = tictactoeUITests;
			productName = tictactoeUITests;
			productReference = D6E5C86A1D208833006DEF06 /* tictactoeUITests.xctest */;
			productType = "com.apple.product-type.bundle.ui-testing";
		};
/* End PBXNativeTarget section */

/* Begin PBXProject section */
		D6E5C8431D208833006DEF06 /* Project object */ = {
			isa = PBXProject;
			attributes = {
				LastSwiftUpdateCheck = 0730;
				LastUpgradeCheck = 0730;
				ORGANIZATIONNAME = "Chris Aronchick";
				TargetAttributes = {
					D6E5C84A1D208833006DEF06 = {
						CreatedOnToolsVersion = 7.3.1;
					};
					D6E5C85E1D208833006DEF06 = {
						CreatedOnToolsVersion = 7.3.1;
						TestTargetID = D6E5C84A1D208833006DEF06;
					};
					D6E5C8691D208833006DEF06 = {
						CreatedOnToolsVersion = 7.3.1;
						TestTargetID = D6E5C84A1D208833006DEF06;
					};
				};
			};
			buildConfigurationList = D6E5C8461D208833006DEF06 /* Build configuration list for PBXProject "tictactoe" */;
			compatibilityVersion = "Xcode 3.2";
			developmentRegion = English;
			hasScannedForEncodings = 0;
			knownRegions = (
				en,
				Base,
			);
			mainGroup = D6E5C8421D208833006DEF06;
			productRefGroup = D6E5C84C1D208833006DEF06 /* Products */;
			projectDirPath = "";
			projectRoot = "";
			targets = (
				D6E5C84A1D208833006DEF06 /* tictactoe */,
				D6E5C85E1D208833006DEF06 /* tictactoeTests */,
				D6E5C8691D208833006DEF06 /* tictactoeUITests */,
			);
		};
/* End PBXProject section */

/* Begin PBXResourcesBuildPhase section */
		D6E5C8491D208833006DEF06 /* Resources */ = {
			isa = PBXResourcesBuildPhase;
			buildActionMask = 2147483647;
			files = (
				D6E5C8801D208849006DEF06 /* cross.png in Resources */,
				D6E5C87F1D208849006DEF06 /* board.png in Resources */,
				D6E5C8811D208849006DEF06 /* nought.png in Resources */,
				D6E5C8591D208833006DEF06 /* LaunchScreen.storyboard in Resources */,
				D6E5C8561D208833006DEF06 /* Assets.xcassets in Resources */,
				D6E5C8541D208833006DEF06 /* Main.storyboard in Resources */,
			);
			runOnlyForDeploymentPostprocessing = 0;
		};
		D6E5C85D1D208833006DEF06 /* Resources */ = {
			isa = PBXResourcesBuildPhase;
			buildActionMask = 2147483647;
			files = (
			);
			runOnlyForDeploymentPostprocessing = 0;
		};
		D6E5C8681D208833006DEF06 /* Resources */ = {
			isa = PBXResourcesBuildPhase;
			buildActionMask = 2147483647;
			files = (
			);
			runOnlyForDeploymentPostprocessing = 0;
		};
/* End PBXResourcesBuildPhase section */

/* Begin PBXSourcesBuildPhase section */
		D6E5C8471D208833006DEF06 /* Sources */ = {
			isa = PBXSourcesBuildPhase;
			buildActionMask = 2147483647;
			files = (
				D6E5C8511D208833006DEF06 /* ViewController.swift in Sources */,
				D6E5C84F1D208833006DEF06 /* AppDelegate.swift in Sources */,
			);
			runOnlyForDeploymentPostprocessing = 0;
		};
		D6E5C85B1D208833006DEF06 /* Sources */ = {
			isa = PBXSourcesBuildPhase;
			buildActionMask = 2147483647;
			files = (
				D6E5C8641D208833006DEF06 /* tictactoeTests.swift in Sources */,
			);
			runOnlyForDeploymentPostprocessing = 0;
		};
		D6E5C8661D208833006DEF06 /* Sources */ = {
			isa = PBXSourcesBuildPhase;
			buildActionMask = 2147483647;
			files = (
				D6E5C86F1D208833006DEF06 /* tictactoeUITests.swift in Sources */,
			);
			runOnlyForDeploymentPostprocessing = 0;
		};
/* End PBXSourcesBuildPhase section */

/* Begin PBXTargetDependency section */
		D6E5C8611D208833006DEF06 /* PBXTargetDependency */ = {
			isa = PBXTargetDependency;
			target = D6E5C84A1D208833006DEF06 /* tictactoe */;
			targetProxy = D6E5C8601D208833006DEF06 /* PBXContainerItemProxy */;
		};
		D6E5C86C1D208833006DEF06 /* PBXTargetDependency */ = {
			isa = PBXTargetDependency;
			target = D6E5C84A1D208833006DEF06 /* tictactoe */;
			targetProxy = D6E5C86B1D208833006DEF06 /* PBXContainerItemProxy */;
		};
/* End PBXTargetDependency section */

/* Begin PBXVariantGroup section */
		D6E5C8521D208833006DEF06 /* Main.storyboard */ = {
			isa = PBXVariantGroup;
			children = (
				D6E5C8531D208833006DEF06 /* Base */,
			);
			name = Main.storyboard;
			sourceTree = "<group>";
		};
		D6E5C8571D208833006DEF06 /* LaunchScreen.storyboard */ = {
			isa = PBXVariantGroup;
			children = (
				D6E5C8581D208833006DEF06 /* Base */,
			);
			name = LaunchScreen.storyboard;
			sourceTree = "<group>";
		};
/* End PBXVariantGroup section */

/* Begin XCBuildConfiguration section */
		D6E5C8711D208833006DEF06 /* Debug */ = {
			isa = XCBuildConfiguration;
			buildSettings = {
				ALWAYS_SEARCH_USER_PATHS = NO;
				CLANG_ANALYZER_NONNULL = YES;
				CLANG_CXX_LANGUAGE_STANDARD = "gnu++0x";
				CLANG_CXX_LIBRARY = "libc++";
				CLANG_ENABLE_MODULES = YES;
				CLANG_ENABLE_OBJC_ARC = YES;
				CLANG_WARN_BOOL_CONVERSION = YES;
				CLANG_WARN_CONSTANT_CONVERSION = YES;
				CLANG_WARN_DIRECT_OBJC_ISA_USAGE = YES_ERROR;
				CLANG_WARN_EMPTY_BODY = YES;
				CLANG_WARN_ENUM_CONVERSION = YES;
				CLANG_WARN_INT_CONVERSION = YES;
				CLANG_WARN_OBJC_ROOT_CLASS = YES_ERROR;
				CLANG_WARN_UNREACHABLE_CODE = YES;
				CLANG_WARN__DUPLICATE_METHOD_MATCH = YES;
				"CODE_SIGN_IDENTITY[sdk=iphoneos*]" = "iPhone Developer";
				COPY_PHASE_STRIP = NO;
				DEBUG_INFORMATION_FORMAT = dwarf;
				ENABLE_STRICT_OBJC_MSGSEND = YES;
				ENABLE_TESTABILITY = YES;
				GCC_C_LANGUAGE_STANDARD = gnu99;
				GCC_DYNAMIC_NO_PIC = NO;
				GCC_NO_COMMON_BLOCKS = YES;
				GCC_OPTIMIZATION_LEVEL = 0;
				GCC_PREPROCESSOR_DEFINITIONS = (
					"DEBUG=1",
					"$(inherited)",
				);
				GCC_WARN_64_TO_32_BIT_CONVERSION = YES;
				GCC_WARN_ABOUT_RETURN_TYPE = YES_ERROR;
				GCC_WARN_UNDECLARED_SELECTOR = YES;
				GCC_WARN_UNINITIALIZED_AUTOS = YES_AGGRESSIVE;
				GCC_WARN_UNUSED_FUNCTION = YES;
				GCC_WARN_UNUSED_VARIABLE = YES;
				IPHONEOS_DEPLOYMENT_TARGET = 9.3;
				MTL_ENABLE_DEBUG_INFO = YES;
				ONLY_ACTIVE_ARCH = YES;
				SDKROOT = iphoneos;
				SWIFT_OPTIMIZATION_LEVEL = "-Onone";
				TARGETED_DEVICE_FAMILY = "1,2";
			};
			name = Debug;
		};
		D6E5C8721D208833006DEF06 /* Release */ = {
			isa = XCBuildConfiguration;
			buildSettings = {
				ALWAYS_SEARCH_USER_PATHS = NO;
				CLANG_ANALYZER_NONNULL = YES;
				CLANG_CXX_LANGUAGE_STANDARD = "gnu++0x";
				CLANG_CXX_LIBRARY = "libc++";
				CLANG_ENABLE_MODULES = YES;
				CLANG_ENABLE_OBJC_ARC = YES;
				CLANG_WARN_BOOL_CONVERSION = YES;
				CLANG_WARN_CONSTANT_CONVERSION = YES;
				CLANG_WARN_DIRECT_OBJC_ISA_USAGE = YES_ERROR;
				CLANG_WARN_EMPTY_BODY = YES;
				CLANG_WARN_ENUM_CONVERSION = YES;
				CLANG_WARN_INT_CONVERSION = YES;
				CLANG_WARN_OBJC_ROOT_CLASS = YES_ERROR;
				CLANG_WARN_UNREACHABLE_CODE = YES;
				CLANG_WARN__DUPLICATE_METHOD_MATCH = YES;
				"CODE_SIGN_IDENTITY[sdk=iphoneos*]" = "iPhone Developer";
				COPY_PHASE_STRIP = NO;
				DEBUG_INFORMATION_FORMAT = "dwarf-with-dsym";
				ENABLE_NS_ASSERTIONS = NO;
				ENABLE_STRICT_OBJC_MSGSEND = YES;
				GCC_C_LANGUAGE_STANDARD = gnu99;
				GCC_NO_COMMON_BLOCKS = YES;
				GCC_WARN_64_TO_32_BIT_CONVERSION = YES;
				GCC_WARN_ABOUT_RETURN_TYPE = YES_ERROR;
				GCC_WARN_UNDECLARED_SELECTOR = YES;
				GCC_WARN_UNINITIALIZED_AUTOS = YES_AGGRESSIVE;
				GCC_WARN_UNUSED_FUNCTION = YES;
				GCC_WARN_UNUSED_VARIABLE = YES;
				IPHONEOS_DEPLOYMENT_TARGET = 9.3;
				MTL_ENABLE_DEBUG_INFO = NO;
				SDKROOT = iphoneos;
				TARGETED_DEVICE_FAMILY = "1,2";
				VALIDATE_PRODUCT = YES;
			};
			name = Release;
		};
		D6E5C8741D208833006DEF06 /* Debug */ = {
			isa = XCBuildConfiguration;
			buildSettings = {
				ASSETCATALOG_COMPILER_APPICON_NAME = AppIcon;
				INFOPLIST_FILE = tictactoe/Info.plist;
				LD_RUNPATH_SEARCH_PATHS = "$(inherited) @executable_path/Frameworks";
				PRODUCT_BUNDLE_IDENTIFIER = chrisaronchick.tictactoe;
				PRODUCT_NAME = "$(TARGET_NAME)";
			};
			name = Debug;
		};
		D6E5C8751D208833006DEF06 /* Release */ = {
			isa = XCBuildConfiguration;
			buildSettings = {
				ASSETCATALOG_COMPILER_APPICON_NAME = AppIcon;
				INFOPLIST_FILE = tictactoe/Info.plist;
				LD_RUNPATH_SEARCH_PATHS = "$(inherited) @executable_path/Frameworks";
				PRODUCT_BUNDLE_IDENTIFIER = chrisaronchick.tictactoe;
				PRODUCT_NAME = "$(TARGET_NAME)";
			};
			name = Release;
		};
		D6E5C8771D208833006DEF06 /* Debug */ = {
			isa = XCBuildConfiguration;
			buildSettings = {
				BUNDLE_LOADER = "$(TEST_HOST)";
				INFOPLIST_FILE = tictactoeTests/Info.plist;
				LD_RUNPATH_SEARCH_PATHS = "$(inherited) @executable_path/Frameworks @loader_path/Frameworks";
				PRODUCT_BUNDLE_IDENTIFIER = chrisaronchick.tictactoeTests;
				PRODUCT_NAME = "$(TARGET_NAME)";
				TEST_HOST = "$(BUILT_PRODUCTS_DIR)/tictactoe.app/tictactoe";
			};
			name = Debug;
		};
		D6E5C8781D208833006DEF06 /* Release */ = {
			isa = XCBuildConfiguration;
			buildSettings = {
				BUNDLE_LOADER = "$(TEST_HOST)";
				INFOPLIST_FILE = tictactoeTests/Info.plist;
				LD_RUNPATH_SEARCH_PATHS = "$(inherited) @executable_path/Frameworks @loader_path/Frameworks";
				PRODUCT_BUNDLE_IDENTIFIER = chrisaronchick.tictactoeTests;
				PRODUCT_NAME = "$(TARGET_NAME)";
				TEST_HOST = "$(BUILT_PRODUCTS_DIR)/tictactoe.app/tictactoe";
			};
			name = Release;
		};
		D6E5C87A1D208833006DEF06 /* Debug */ = {
			isa = XCBuildConfiguration;
			buildSettings = {
				INFOPLIST_FILE = tictactoeUITests/Info.plist;
				LD_RUNPATH_SEARCH_PATHS = "$(inherited) @executable_path/Frameworks @loader_path/Frameworks";
				PRODUCT_BUNDLE_IDENTIFIER = chrisaronchick.tictactoeUITests;
				PRODUCT_NAME = "$(TARGET_NAME)";
				TEST_TARGET_NAME = tictactoe;
			};
			name = Debug;
		};
		D6E5C87B1D208833006DEF06 /* Release */ = {
			isa = XCBuildConfiguration;
			buildSettings = {
				INFOPLIST_FILE = tictactoeUITests/Info.plist;
				LD_RUNPATH_SEARCH_PATHS = "$(inherited) @executable_path/Frameworks @loader_path/Frameworks";
				PRODUCT_BUNDLE_IDENTIFIER = chrisaronchick.tictactoeUITests;
				PRODUCT_NAME = "$(TARGET_NAME)";
				TEST_TARGET_NAME = tictactoe;
			};
			name = Release;
		};
/* End XCBuildConfiguration section */

/* Begin XCConfigurationList section */
		D6E5C8461D208833006DEF06 /* Build configuration list for PBXProject "tictactoe" */ = {
			isa = XCConfigurationList;
			buildConfigurations = (
				D6E5C8711D208833006DEF06 /* Debug */,
				D6E5C8721D208833006DEF06 /* Release */,
			);
			defaultConfigurationIsVisible = 0;
			defaultConfigurationName = Release;
		};
		D6E5C8731D208833006DEF06 /* Build configuration list for PBXNativeTarget "tictactoe" */ = {
			isa = XCConfigurationList;
			buildConfigurations = (
				D6E5C8741D208833006DEF06 /* Debug */,
				D6E5C8751D208833006DEF06 /* Release */,
			);
			defaultConfigurationIsVisible = 0;
		};
		D6E5C8761D208833006DEF06 /* Build configuration list for PBXNativeTarget "tictactoeTests" */ = {
			isa = XCConfigurationList;
			buildConfigurations = (
				D6E5C8771D208833006DEF06 /* Debug */,
				D6E5C8781D208833006DEF06 /* Release */,
			);
			defaultConfigurationIsVisible = 0;
		};
		D6E5C8791D208833006DEF06 /* Build configuration list for PBXNativeTarget "tictactoeUITests" */ = {
			isa = XCConfigurationList;
			buildConfigurations = (
				D6E5C87A1D208833006DEF06 /* Debug */,
				D6E5C87B1D208833006DEF06 /* Release */,
			);
			defaultConfigurationIsVisible = 0;
		};
/* End XCConfigurationList section */
	};
	rootObject = D6E5C8431D208833006DEF06 /* Project object */;
}
